
Microsoft Visual Studio Solution File, Format Version 12.00
# Visual Studio Version 16
VisualStudioVersion = 16.0.31729.503
MinimumVisualStudioVersion = 10.0.40219.1
Project("{FAE04EC0-301F-11D3-BF4B-00C04F79EFBC}") = "HW_Worker", "HW_Worker\HW_Worker.csproj", "{8889FEA2-3F37-4B19-9712-D499C497A20F}"
EndProject
Project("{FAE04EC0-301F-11D3-BF4B-00C04F79EFBC}") = "TestProject1", "TestProject1\TestProject1.csproj", "{9F539D39-21AC-41B0-AC4F-4D3EF9CFA600}"
EndProject
Global
	GlobalSection(SolutionConfigurationPlatforms) = preSolution
		Debug|Any CPU = Debug|Any CPU
		Release|Any CPU = Release|Any CPU
	EndGlobalSection
	GlobalSection(ProjectConfigurationPlatforms) = postSolution
		{8889FEA2-3F37-4B19-9712-D499C497A20F}.Debug|Any CPU.ActiveCfg = Debug|Any CPU
		{8889FEA2-3F37-4B19-9712-D499C497A20F}.Debug|Any CPU.Build.0 = Debug|Any CPU
		{8889FEA2-3F37-4B19-9712-D499C497A20F}.Release|Any CPU.ActiveCfg = Release|Any CPU
		{8889FEA2-3F37-4B19-9712-D499C497A20F}.Release|Any CPU.Build.0 = Release|Any CPU
		{9F539D39-21AC-41B0-AC4F-4D3EF9CFA600}.Debug|Any CPU.ActiveCfg = Debug|Any CPU
		{9F539D39-21AC-41B0-AC4F-4D3EF9CFA600}.Debug|Any CPU.Build.0 = Debug|Any CPU
		{9F539D39-21AC-41B0-AC4F-4D3EF9CFA600}.Release|Any CPU.ActiveCfg = Release|Any CPU
		{9F539D39-21AC-41B0-AC4F-4D3EF9CFA600}.Release|Any CPU.Build.0 = Release|Any CPU
	EndGlobalSection
	GlobalSection(SolutionProperties) = preSolution
		HideSolutionNode = FALSE
	EndGlobalSection
	GlobalSection(ExtensibilityGlobals) = postSolution
		SolutionGuid = {F7670558-D87D-4C14-9306-F813EE75C94D}
	EndGlobalSection
EndGlobal
